github.com/goccy/go-yaml v1.19.2 h1:PmFC1S6h8ljIz6gMRBopkjP1TVT7xuwrButHID66PoM=
github.com/goccy/go-yaml v1.19.2/go.mod h1:XBurs7gK8ATbW4ZPGKgcbrY1Br56PdM69F7LkFRi1kA=
github.com/lattice-substrate/json-canon v0.3.4 h1:Zf1dyp6ac+hMYLeAmR24DS+0+JkLORp5VXfKORJIfRo=
github.com/lattice-substrate/json-canon v0.3.4/go.mod h1:3fIkLCuIYfANsL1ezLEW0Is2jZ7vEhoxe6lRMTIy9ZI=
